
Microsoft Visual Studio Solution File, Format Version 12.00
# Visual Studio Version 16
VisualStudioVersion = 16.0.30523.141
MinimumVisualStudioVersion = 10.0.40219.1
Project("{9A19103F-16F7-4668-BE54-9A1E7A4F7556}") = "ejercicios_repaso_c", "ejercicios_repaso_c\ejercicios_repaso_c.csproj", "{0BC820BF-7567-433A-9305-A5211976EF00}"
EndProject
Project("{FAE04EC0-301F-11D3-BF4B-00C04F79EFBC}") = "TextFileChallange", "TextFileChallange\TextFileChallange.csproj", "{E2EFDE5A-B6E5-4E47-A883-93577EC18C8A}"
EndProject
Project("{9A19103F-16F7-4668-BE54-9A1E7A4F7556}") = "DateTimeChallenge", "DateTimeChallenge\DateTimeChallenge.csproj", "{4CA8B993-33A1-475A-BE46-2D5B99ACB86B}"
EndProject
Project("{9A19103F-16F7-4668-BE54-9A1E7A4F7556}") = "ListModificationChallenge", "ListModificationChallenge\ListModificationChallenge.csproj", "{74400295-960A-4C98-A99C-A6D78B918660}"
EndProject
Project("{FAE04EC0-301F-11D3-BF4B-00C04F79EFBC}") = "WinFormToDoList", "WinFormToDoList\WinFormToDoList.csproj", "{630BF0CF-0F2B-44A2-B7AF-CDF6F23321DB}"
EndProject
Project("{9A19103F-16F7-4668-BE54-9A1E7A4F7556}") = "stringReplacement", "stringReplacement\stringReplacement.csproj", "{A028BE09-E258-49C7-AA07-03D2E30B13F6}"
EndProject
Project("{FAE04EC0-301F-11D3-BF4B-00C04F79EFBC}") = "SearchingForDataChallenge", "SearchingForDataChallenge\SearchingForDataChallenge.csproj", "{53929DC5-5658-44A3-9AF3-290A4FFC0005}"
EndProject
Global
	GlobalSection(SolutionConfigurationPlatforms) = preSolution
		Debug|Any CPU = Debug|Any CPU
		Release|Any CPU = Release|Any CPU
	EndGlobalSection
	GlobalSection(ProjectConfigurationPlatforms) = postSolution
		{0BC820BF-7567-433A-9305-A5211976EF00}.Debug|Any CPU.ActiveCfg = Debug|Any CPU
		{0BC820BF-7567-433A-9305-A5211976EF00}.Debug|Any CPU.Build.0 = Debug|Any CPU
		{0BC820BF-7567-433A-9305-A5211976EF00}.Release|Any CPU.ActiveCfg = Release|Any CPU
		{0BC820BF-7567-433A-9305-A5211976EF00}.Release|Any CPU.Build.0 = Release|Any CPU
		{E2EFDE5A-B6E5-4E47-A883-93577EC18C8A}.Debug|Any CPU.ActiveCfg = Debug|Any CPU
		{E2EFDE5A-B6E5-4E47-A883-93577EC18C8A}.Debug|Any CPU.Build.0 = Debug|Any CPU
		{E2EFDE5A-B6E5-4E47-A883-93577EC18C8A}.Release|Any CPU.ActiveCfg = Release|Any CPU
		{E2EFDE5A-B6E5-4E47-A883-93577EC18C8A}.Release|Any CPU.Build.0 = Release|Any CPU
		{4CA8B993-33A1-475A-BE46-2D5B99ACB86B}.Debug|Any CPU.ActiveCfg = Debug|Any CPU
		{4CA8B993-33A1-475A-BE46-2D5B99ACB86B}.Debug|Any CPU.Build.0 = Debug|Any CPU
		{4CA8B993-33A1-475A-BE46-2D5B99ACB86B}.Release|Any CPU.ActiveCfg = Release|Any CPU
		{4CA8B993-33A1-475A-BE46-2D5B99ACB86B}.Release|Any CPU.Build.0 = Release|Any CPU
		{74400295-960A-4C98-A99C-A6D78B918660}.Debug|Any CPU.ActiveCfg = Debug|Any CPU
		{74400295-960A-4C98-A99C-A6D78B918660}.Debug|Any CPU.Build.0 = Debug|Any CPU
		{74400295-960A-4C98-A99C-A6D78B918660}.Release|Any CPU.ActiveCfg = Release|Any CPU
		{74400295-960A-4C98-A99C-A6D78B918660}.Release|Any CPU.Build.0 = Release|Any CPU
		{630BF0CF-0F2B-44A2-B7AF-CDF6F23321DB}.Debug|Any CPU.ActiveCfg = Debug|Any CPU
		{630BF0CF-0F2B-44A2-B7AF-CDF6F23321DB}.Debug|Any CPU.Build.0 = Debug|Any CPU
		{630BF0CF-0F2B-44A2-B7AF-CDF6F23321DB}.Release|Any CPU.ActiveCfg = Release|Any CPU
		{630BF0CF-0F2B-44A2-B7AF-CDF6F23321DB}.Release|Any CPU.Build.0 = Release|Any CPU
		{A028BE09-E258-49C7-AA07-03D2E30B13F6}.Debug|Any CPU.ActiveCfg = Debug|Any CPU
		{A028BE09-E258-49C7-AA07-03D2E30B13F6}.Debug|Any CPU.Build.0 = Debug|Any CPU
		{A028BE09-E258-49C7-AA07-03D2E30B13F6}.Release|Any CPU.ActiveCfg = Release|Any CPU
		{A028BE09-E258-49C7-AA07-03D2E30B13F6}.Release|Any CPU.Build.0 = Release|Any CPU
		{53929DC5-5658-44A3-9AF3-290A4FFC0005}.Debug|Any CPU.ActiveCfg = Debug|Any CPU
		{53929DC5-5658-44A3-9AF3-290A4FFC0005}.Debug|Any CPU.Build.0 = Debug|Any CPU
		{53929DC5-5658-44A3-9AF3-290A4FFC0005}.Release|Any CPU.ActiveCfg = Release|Any CPU
		{53929DC5-5658-44A3-9AF3-290A4FFC0005}.Release|Any CPU.Build.0 = Release|Any CPU
	EndGlobalSection
	GlobalSection(SolutionProperties) = preSolution
		HideSolutionNode = FALSE
	EndGlobalSection
	GlobalSection(ExtensibilityGlobals) = postSolution
		SolutionGuid = {B03978F2-78DF-41CE-B1EC-94124A2EF9DE}
	EndGlobalSection
EndGlobal
